<?xml version="1.0" encoding="utf-8"?>
<Project ToolsVersion="4.0" xmlns="http://schemas.microsoft.com/developer/msbuild/2003">
  <ItemGroup>
    <Filter Include="Исходные файлы">
      <UniqueIdentifier>{4FC737F1-C7A5-4376-A066-2A32D752A2FF}</UniqueIdentifier>
      <Extensions>cpp;c;cc;cxx;c++;cppm;ixx;def;odl;idl;hpj;bat;asm;asmx</Extensions>
    </Filter>
    <Filter Include="Файлы заголовков">
      <UniqueIdentifier>{93995380-89BD-4b04-88EB-625FBE52EBFB}</UniqueIdentifier>
      <Extensions>h;hh;hpp;hxx;h++;hm;inl;inc;ipp;xsd</Extensions>
    </Filter>
    <Filter Include="Файлы ресурсов">
      <UniqueIdentifier>{67DA6AB6-F800-4c08-8B7A-83BB121AAD01}</UniqueIdentifier>
      <Extensions>rc;ico;cur;bmp;dlg;rc2;rct;bin;rgs;gif;jpg;jpeg;jpe;resx;tiff;tif;png;wav;mfcribbon-ms</Extensions>
    </Filter>
    <Filter Include="Исходные файлы\source">
      <UniqueIdentifier>{0695417c-d442-42d5-9427-be09bfba582d}</UniqueIdentifier>
    </Filter>
    <Filter Include="Исходные файлы\images">
      <UniqueIdentifier>{315ab0de-4c2d-4f96-9a32-79ccb4a3a6dc}</UniqueIdentifier>
    </Filter>
  </ItemGroup>
  <ItemGroup>
    <ClCompile Include="main.cpp">
      <Filter>Исходные файлы</Filter>
    </ClCompile>
    <ClCompile Include="Player.cpp">
      <Filter>Исходные файлы\source</Filter>
    </ClCompile>
    <ClCompile Include="Bullet.cpp">
      <Filter>Исходные файлы\source</Filter>
    </ClCompile>
    <ClCompile Include="Enemy.cpp">
      <Filter>Исходные файлы\source</Filter>
    </ClCompile>
    <ClCompile Include="CollisionManager.cpp">
      <Filter>Исходные файлы\source</Filter>
    </ClCompile>
    <ClCompile Include="EnemyBullet.cpp">
      <Filter>Исходные файлы\source</Filter>
    </ClCompile>
    <ClCompile Include="LoseScreen.cpp">
      <Filter>Исходные файлы\source</Filter>
    </ClCompile>
    <ClCompile Include="SoundManager.cpp">
      <Filter>Исходные файлы\source</Filter>
    </ClCompile>
    <ClCompile Include="Barricade.cpp">
      <Filter>Исходные файлы\source</Filter>
    </ClCompile>
  </ItemGroup>
  <ItemGroup>
    <ClInclude Include="Game.h">
      <Filter>Исходные файлы\source</Filter>
    </ClInclude>
    <ClInclude Include="Player.h">
      <Filter>Исходные файлы\source</Filter>
    </ClInclude>
    <ClInclude Include="Bullet.h">
      <Filter>Исходные файлы\source</Filter>
    </ClInclude>
    <ClInclude Include="Enemy.h">
      <Filter>Исходные файлы\source</Filter>
    </ClInclude>
    <ClInclude Include="CollisionManager.h">
      <Filter>Исходные файлы\source</Filter>
    </ClInclude>
    <ClInclude Include="EnemyBullet.h">
      <Filter>Исходные файлы\source</Filter>
    </ClInclude>
    <ClInclude Include="LoseScreen.h">
      <Filter>Исходные файлы\source</Filter>
    </ClInclude>
    <ClInclude Include="SoundManager.h">
      <Filter>Исходные файлы\source</Filter>
    </ClInclude>
    <ClInclude Include="Barricade.h">
      <Filter>Исходные файлы\source</Filter>
    </ClInclude>
  </ItemGroup>
  <ItemGroup>
    <Image Include="page.png">
      <Filter>Файлы ресурсов</Filter>
    </Image>
    <Image Include="EnemyBullet.png">
      <Filter>Файлы ресурсов</Filter>
    </Image>
    <Image Include="lose-page.jpg">
      <Filter>Файлы ресурсов</Filter>
    </Image>
    <Image Include="win-page.jpg">
      <Filter>Файлы ресурсов</Filter>
    </Image>
  </ItemGroup>
  <ItemGroup>
    <Media Include="shoot.wav">
      <Filter>Файлы ресурсов</Filter>
    </Media>
    <Media Include="ship_explode.wav">
      <Filter>Файлы ресурсов</Filter>
    </Media>
  </ItemGroup>
  <ItemGroup>
    <None Include="background.ogg" />
  </ItemGroup>
  <ItemGroup>
    <Font Include="space_invaders.ttf" />
  </ItemGroup>
  <ItemGroup>
    <Text Include="hi-score.txt" />
  </ItemGroup>
</Project>